
Microsoft Visual Studio Solution File, Format Version 12.00
# Visual Studio Version 17
VisualStudioVersion = 17.4.33205.214
MinimumVisualStudioVersion = 10.0.40219.1
Project("{FAE04EC0-301F-11D3-BF4B-00C04F79EFBC}") = "Project4", "Project4\Project4.csproj", "{3B621E4C-BDE7-4903-AE4D-5E787F9DC971}"
EndProject
Global
	GlobalSection(SolutionConfigurationPlatforms) = preSolution
		Debug|Any CPU = Debug|Any CPU
		Release|Any CPU = Release|Any CPU
	EndGlobalSection
	GlobalSection(ProjectConfigurationPlatforms) = postSolution
		{3B621E4C-BDE7-4903-AE4D-5E787F9DC971}.Debug|Any CPU.ActiveCfg = Debug|Any CPU
		{3B621E4C-BDE7-4903-AE4D-5E787F9DC971}.Debug|Any CPU.Build.0 = Debug|Any CPU
		{3B621E4C-BDE7-4903-AE4D-5E787F9DC971}.Release|Any CPU.ActiveCfg = Release|Any CPU
		{3B621E4C-BDE7-4903-AE4D-5E787F9DC971}.Release|Any CPU.Build.0 = Release|Any CPU
	EndGlobalSection
	GlobalSection(SolutionProperties) = preSolution
		HideSolutionNode = FALSE
	EndGlobalSection
	GlobalSection(ExtensibilityGlobals) = postSolution
		SolutionGuid = {FCF17AA6-5762-4BCD-B517-13C436B78022}
	EndGlobalSection
EndGlobal
